version = 1
revision = 3
requires-python = ">=3.12"

[[package]]
name = "baccano-font"
version = "0.0.0"
source = { virtual = "." }
dependencies = [
    { name = "fontforge-stubs" },
    { name = "unicodedataplus" },
]

[package.metadata]
requires-dist = [
    { name = "fontforge-stubs", specifier = ">=2026.1.2" },
    { name = "unicodedataplus", specifier = ">=16.0.0.post1" },
]

[[package]]
name = "fontforge-stubs"
version = "2026.1.2"
source = { registry = "https://pypi.org/simple" }
sdist = { url = "https://files.pythonhosted.org/packages/ad/92/9171c93852072c680f8c693ee607a08fb8d05323d6d4385cf2d8ae118db2/fontforge_stubs-2026.1.2.tar.gz", hash = "sha256:fac4b98d2fd0aa650d1cbe13e9c32b13ca8cce04055d2a5dda5e51355c37f3f0", size = 60767, upload-time = "2026-01-02T23:58:01.586Z" }
wheels = [
    { url = "https://files.pythonhosted.org/packages/9d/5c/48cf5ead39bdd8ea86b0fc203291e3915a44156ec0237324ff0055ad2230/fontforge_stubs-2026.1.2-py3-none-any.whl", hash = "sha256:80633b56411387012bb33fced0352c5046aa8320acca7fc88eafda06660ffc0e", size = 62483, upload-time = "2026-01-02T23:57:59.97Z" },
]

[[package]]
name = "unicodedataplus"
version = "16.0.0.post1"
source = { registry = "https://pypi.org/simple" }
sdist = { url = "https://files.pythonhosted.org/packages/3b/12/7eb898d3659d81aad5d680d7d8f790fe4708f5d95f76d459e4a417dc8d32/unicodedataplus-16.0.0.post1.tar.gz", hash = "sha256:f8cd342d91c73b512c229976a82aeb7e448517969d611433a9ea825dc62fed84", size = 597852, upload-time = "2025-03-01T01:41:00.84Z" }
wheels = [
    { url = "https://files.pythonhosted.org/packages/c4/7f/8880b23cec40a7bf13d6c4d28b3f278eb7dcba3d63c59e2415fe7c43bd95/unicodedataplus-16.0.0.post1-cp312-cp312-macosx_11_0_arm64.whl", hash = "sha256:a7137a6ad7a1c4fc8f702daa832aa647a555d8d5c9212b1c7484bd4cef420994", size = 424429, upload-time = "2025-03-01T01:40:11.706Z" },
    { url = "https://files.pythonhosted.org/packages/5f/7c/52b0dafedf18b641b2200d4c0e871f63eb6fb033b285e67fe45573c72461/unicodedataplus-16.0.0.post1-cp312-cp312-manylinux_2_17_x86_64.manylinux2014_x86_64.whl", hash = "sha256:06873b54ae983c4bc08ad2d92bfee264b600fbc05efce66f8ccf05a80743e2c2", size = 525801, upload-time = "2025-03-01T01:40:13.273Z" },
    { url = "https://files.pythonhosted.org/packages/64/d2/e230a34042d0256413c8c1fafe363d9d651ee487777054da9c9d74ac378c/unicodedataplus-16.0.0.post1-cp312-cp312-manylinux_2_5_i686.manylinux1_i686.manylinux_2_17_i686.manylinux2014_i686.whl", hash = "sha256:b5afed3758b7c8d5588568968d2ad1d4fd8ec377344b7307df9d348080a1922d", size = 517741, upload-time = "2025-03-01T01:40:14.949Z" },
    { url = "https://files.pythonhosted.org/packages/91/a9/4cf20c8b1b77b32e585e7f495cadfd72074ba03bc880c6e4e02e29570373/unicodedataplus-16.0.0.post1-cp312-cp312-musllinux_1_2_i686.whl", hash = "sha256:95d1a608fb7b87db602f88e5eeef42c14a9c9da336fc148f5ce248f53fb55261", size = 518030, upload-time = "2025-03-01T01:40:17.02Z" },
    { url = "https://files.pythonhosted.org/packages/74/5b/299cf948f30c6a3d1aa23299c4e3cd413f47892d1d2e273df746c5e6c720/unicodedataplus-16.0.0.post1-cp312-cp312-musllinux_1_2_x86_64.whl", hash = "sha256:96c1cdf0643c71ffd8357580e2ce65ed7b6187b511354d25ce696cb464c8e889", size = 522168, upload-time = "2025-03-01T01:40:18.985Z" },
    { url = "https://files.pythonhosted.org/packages/96/6a/272ae48b2b2447dfb60f308babacdc0f4e69f431d1fb82b951ae93489cfe/unicodedataplus-16.0.0.post1-cp312-cp312-win32.whl", hash = "sha256:f697b5f43b71f07ccb8644d12a79478872d093ae9811279c384c214383586619", size = 415939, upload-time = "2025-03-01T01:40:20.618Z" },
    { url = "https://files.pythonhosted.org/packages/d3/9d/b48575e93cf8616cf5f817b832812cca47fe48ac86a64b4bd976cb1f15bb/unicodedataplus-16.0.0.post1-cp312-cp312-win_amd64.whl", hash = "sha256:302d5a5bf38962627539cbee1114759103ddcec57bef6c94151885f48bf623a3", size = 417117, upload-time = "2025-03-01T01:40:21.726Z" },
    { url = "https://files.pythonhosted.org/packages/9c/2d/4704b36e67fda4b23593794dd74fa9ff53a523a2719a35108837f9ab34df/unicodedataplus-16.0.0.post1-cp313-cp313-macosx_11_0_arm64.whl", hash = "sha256:8d8c45d347c970e22507918945a777636d40c2de5f281699eb0907f99961b530", size = 425203, upload-time = "2025-03-01T01:40:22.779Z" },
    { url = "https://files.pythonhosted.org/packages/55/df/b5d88352ebcb8a4c137ebde6483b3d298009ac0d265416907426ecfeef3f/unicodedataplus-16.0.0.post1-cp313-cp313-manylinux_2_17_x86_64.manylinux2014_x86_64.whl", hash = "sha256:375a33b10f041897d550f4d40521884593c2c9d9bc310a748dc401a9189e5553", size = 528595, upload-time = "2025-03-01T01:40:23.916Z" },
    { url = "https://files.pythonhosted.org/packages/ab/63/83ca067c733c40f3372db446b3daaed5cedba61dc50d4995223143129e85/unicodedataplus-16.0.0.post1-cp313-cp313-manylinux_2_5_i686.manylinux1_i686.manylinux_2_17_i686.manylinux2014_i686.whl", hash = "sha256:84fafdf0b4774038a3f49966e5e80cc023dc58c318c2663ce06145877d7442fa", size = 518719, upload-time = "2025-03-01T01:40:25.022Z" },
    { url = "https://files.pythonhosted.org/packages/63/f2/45da6a014d165b7bddee3c5894d5e153c1d9a3b83564e613d700e7dd261a/unicodedataplus-16.0.0.post1-cp313-cp313-musllinux_1_2_i686.whl", hash = "sha256:f09daf97ec4fd74a57eab51dbd53addac89b739fc6b1c7097250fb47798b94c6", size = 519755, upload-time = "2025-03-01T01:40:26.012Z" },
    { url = "https://files.pythonhosted.org/packages/39/66/cc8d24b52e03cb2e58c55474996c55b51be2372f1cf3a1db75dee5b91f48/unicodedataplus-16.0.0.post1-cp313-cp313-musllinux_1_2_x86_64.whl", hash = "sha256:0731f60841cd39c71251270750717c4c3b077116fe34e284796f851b258c876e", size = 525129, upload-time = "2025-03-01T01:40:27.08Z" },
    { url = "https://files.pythonhosted.org/packages/99/7a/d659b4c62b324b38900421cbfcf6eba9fe75f40dbb7ca53720f60eba6881/unicodedataplus-16.0.0.post1-cp313-cp313-win32.whl", hash = "sha256:9ad94aee3b34ae61e0c4d122e3cfc9aa0d1c2c629ed0ecbcd6edf0c2d2684cd1", size = 416058, upload-time = "2025-03-01T01:40:28.093Z" },
    { url = "https://files.pythonhosted.org/packages/f7/59/f2525d347a983659816b3e8d002525d7c4f5e2b2ef16a476e0e0af229d3a/unicodedataplus-16.0.0.post1-cp313-cp313-win_amd64.whl", hash = "sha256:e32be0dc8ab6e17abff49ef2983e74e13fb0cb6ddb215dc8b988675b09a3e19d", size = 417286, upload-time = "2025-03-01T01:40:28.991Z" },
]
